
Microsoft Visual Studio Solution File, Format Version 12.00
# Visual Studio Version 16
VisualStudioVersion = 16.0.30104.148
MinimumVisualStudioVersion = 10.0.40219.1
Project("{FAE04EC0-301F-11D3-BF4B-00C04F79EFBC}") = "BulkyBookII", "BulkyBookII\BulkyBookII.csproj", "{6178C742-E61D-4209-9920-EAAF3BEA502E}"
EndProject
Project("{FAE04EC0-301F-11D3-BF4B-00C04F79EFBC}") = "BulkyBookII.DataAccess", "BulkyBookII.DataAccess\BulkyBookII.DataAccess.csproj", "{A57D2466-9006-4CBD-AEB3-197B8BD077DC}"
EndProject
Project("{FAE04EC0-301F-11D3-BF4B-00C04F79EFBC}") = "BulkyBookII.Models", "BulkyBookII.Models\BulkyBookII.Models.csproj", "{C777082D-8809-46F9-9CF7-DE0673F570A9}"
EndProject
Project("{FAE04EC0-301F-11D3-BF4B-00C04F79EFBC}") = "BulkyBookII.Utility", "BulkyBookII.Utility\BulkyBookII.Utility.csproj", "{0C843C65-D62D-46B8-A8A7-53F56EE2530B}"
EndProject
Global
	GlobalSection(SolutionConfigurationPlatforms) = preSolution
		Debug|Any CPU = Debug|Any CPU
		Release|Any CPU = Release|Any CPU
	EndGlobalSection
	GlobalSection(ProjectConfigurationPlatforms) = postSolution
		{6178C742-E61D-4209-9920-EAAF3BEA502E}.Debug|Any CPU.ActiveCfg = Debug|Any CPU
		{6178C742-E61D-4209-9920-EAAF3BEA502E}.Debug|Any CPU.Build.0 = Debug|Any CPU
		{6178C742-E61D-4209-9920-EAAF3BEA502E}.Release|Any CPU.ActiveCfg = Release|Any CPU
		{6178C742-E61D-4209-9920-EAAF3BEA502E}.Release|Any CPU.Build.0 = Release|Any CPU
		{A57D2466-9006-4CBD-AEB3-197B8BD077DC}.Debug|Any CPU.ActiveCfg = Debug|Any CPU
		{A57D2466-9006-4CBD-AEB3-197B8BD077DC}.Debug|Any CPU.Build.0 = Debug|Any CPU
		{A57D2466-9006-4CBD-AEB3-197B8BD077DC}.Release|Any CPU.ActiveCfg = Release|Any CPU
		{A57D2466-9006-4CBD-AEB3-197B8BD077DC}.Release|Any CPU.Build.0 = Release|Any CPU
		{C777082D-8809-46F9-9CF7-DE0673F570A9}.Debug|Any CPU.ActiveCfg = Debug|Any CPU
		{C777082D-8809-46F9-9CF7-DE0673F570A9}.Debug|Any CPU.Build.0 = Debug|Any CPU
		{C777082D-8809-46F9-9CF7-DE0673F570A9}.Release|Any CPU.ActiveCfg = Release|Any CPU
		{C777082D-8809-46F9-9CF7-DE0673F570A9}.Release|Any CPU.Build.0 = Release|Any CPU
		{0C843C65-D62D-46B8-A8A7-53F56EE2530B}.Debug|Any CPU.ActiveCfg = Debug|Any CPU
		{0C843C65-D62D-46B8-A8A7-53F56EE2530B}.Debug|Any CPU.Build.0 = Debug|Any CPU
		{0C843C65-D62D-46B8-A8A7-53F56EE2530B}.Release|Any CPU.ActiveCfg = Release|Any CPU
		{0C843C65-D62D-46B8-A8A7-53F56EE2530B}.Release|Any CPU.Build.0 = Release|Any CPU
	EndGlobalSection
	GlobalSection(SolutionProperties) = preSolution
		HideSolutionNode = FALSE
	EndGlobalSection
	GlobalSection(ExtensibilityGlobals) = postSolution
		SolutionGuid = {0A778CF4-A837-4600-9421-2B9A6B375EAA}
	EndGlobalSection
EndGlobal
